
Microsoft Visual Studio Solution File, Format Version 12.00
# Visual Studio Version 17
VisualStudioVersion = 17.14.36301.6
MinimumVisualStudioVersion = 10.0.40219.1
Project("{8BC9CEB8-8B4A-11D0-8D11-00A0C91BC942}") = "PracticeClass", "PracticeClass\PracticeClass.vcxproj", "{8A508BCC-AD3B-4623-9219-DC16A15FBCA2}"
EndProject
Project("{8BC9CEB8-8B4A-11D0-8D11-00A0C91BC942}") = "BankAccount", "BankAccount\BankAccount.vcxproj", "{96CE2C21-F050-492D-AFB1-B4C65EF8CC7E}"
EndProject
Project("{8BC9CEB8-8B4A-11D0-8D11-00A0C91BC942}") = "PracticeClass2", "PracticeClass2\PracticeClass2.vcxproj", "{8CEA6742-CA3A-4A91-ADB9-6DEEBECAF565}"
EndProject
Project("{8BC9CEB8-8B4A-11D0-8D11-00A0C91BC942}") = "StringClass", "StringClass\StringClass.vcxproj", "{F368CE9B-2A61-4BFD-B559-EDEE8017A71D}"
EndProject
Global
	GlobalSection(SolutionConfigurationPlatforms) = preSolution
		Debug|x64 = Debug|x64
		Debug|x86 = Debug|x86
		Release|x64 = Release|x64
		Release|x86 = Release|x86
	EndGlobalSection
	GlobalSection(ProjectConfigurationPlatforms) = postSolution
		{8A508BCC-AD3B-4623-9219-DC16A15FBCA2}.Debug|x64.ActiveCfg = Debug|x64
		{8A508BCC-AD3B-4623-9219-DC16A15FBCA2}.Debug|x64.Build.0 = Debug|x64
		{8A508BCC-AD3B-4623-9219-DC16A15FBCA2}.Debug|x86.ActiveCfg = Debug|Win32
		{8A508BCC-AD3B-4623-9219-DC16A15FBCA2}.Debug|x86.Build.0 = Debug|Win32
		{8A508BCC-AD3B-4623-9219-DC16A15FBCA2}.Release|x64.ActiveCfg = Release|x64
		{8A508BCC-AD3B-4623-9219-DC16A15FBCA2}.Release|x64.Build.0 = Release|x64
		{8A508BCC-AD3B-4623-9219-DC16A15FBCA2}.Release|x86.ActiveCfg = Release|Win32
		{8A508BCC-AD3B-4623-9219-DC16A15FBCA2}.Release|x86.Build.0 = Release|Win32
		{96CE2C21-F050-492D-AFB1-B4C65EF8CC7E}.Debug|x64.ActiveCfg = Debug|x64
		{96CE2C21-F050-492D-AFB1-B4C65EF8CC7E}.Debug|x64.Build.0 = Debug|x64
		{96CE2C21-F050-492D-AFB1-B4C65EF8CC7E}.Debug|x86.ActiveCfg = Debug|Win32
		{96CE2C21-F050-492D-AFB1-B4C65EF8CC7E}.Debug|x86.Build.0 = Debug|Win32
		{96CE2C21-F050-492D-AFB1-B4C65EF8CC7E}.Release|x64.ActiveCfg = Release|x64
		{96CE2C21-F050-492D-AFB1-B4C65EF8CC7E}.Release|x64.Build.0 = Release|x64
		{96CE2C21-F050-492D-AFB1-B4C65EF8CC7E}.Release|x86.ActiveCfg = Release|Win32
		{96CE2C21-F050-492D-AFB1-B4C65EF8CC7E}.Release|x86.Build.0 = Release|Win32
		{8CEA6742-CA3A-4A91-ADB9-6DEEBECAF565}.Debug|x64.ActiveCfg = Debug|x64
		{8CEA6742-CA3A-4A91-ADB9-6DEEBECAF565}.Debug|x64.Build.0 = Debug|x64
		{8CEA6742-CA3A-4A91-ADB9-6DEEBECAF565}.Debug|x86.ActiveCfg = Debug|Win32
		{8CEA6742-CA3A-4A91-ADB9-6DEEBECAF565}.Debug|x86.Build.0 = Debug|Win32
		{8CEA6742-CA3A-4A91-ADB9-6DEEBECAF565}.Release|x64.ActiveCfg = Release|x64
		{8CEA6742-CA3A-4A91-ADB9-6DEEBECAF565}.Release|x64.Build.0 = Release|x64
		{8CEA6742-CA3A-4A91-ADB9-6DEEBECAF565}.Release|x86.ActiveCfg = Release|Win32
		{8CEA6742-CA3A-4A91-ADB9-6DEEBECAF565}.Release|x86.Build.0 = Release|Win32
		{F368CE9B-2A61-4BFD-B559-EDEE8017A71D}.Debug|x64.ActiveCfg = Debug|x64
		{F368CE9B-2A61-4BFD-B559-EDEE8017A71D}.Debug|x64.Build.0 = Debug|x64
		{F368CE9B-2A61-4BFD-B559-EDEE8017A71D}.Debug|x86.ActiveCfg = Debug|Win32
		{F368CE9B-2A61-4BFD-B559-EDEE8017A71D}.Debug|x86.Build.0 = Debug|Win32
		{F368CE9B-2A61-4BFD-B559-EDEE8017A71D}.Release|x64.ActiveCfg = Release|x64
		{F368CE9B-2A61-4BFD-B559-EDEE8017A71D}.Release|x64.Build.0 = Release|x64
		{F368CE9B-2A61-4BFD-B559-EDEE8017A71D}.Release|x86.ActiveCfg = Release|Win32
		{F368CE9B-2A61-4BFD-B559-EDEE8017A71D}.Release|x86.Build.0 = Release|Win32
	EndGlobalSection
	GlobalSection(SolutionProperties) = preSolution
		HideSolutionNode = FALSE
	EndGlobalSection
	GlobalSection(ExtensibilityGlobals) = postSolution
		SolutionGuid = {A730887B-BA43-4CDB-9204-EDF109E8F19F}
	EndGlobalSection
EndGlobal
